
Microsoft Visual Studio Solution File, Format Version 12.00
# Visual Studio Version 16
VisualStudioVersion = 16.0.29424.173
MinimumVisualStudioVersion = 10.0.40219.1
Project("{9A19103F-16F7-4668-BE54-9A1E7A4F7556}") = "CosmosDBTaxiApp", "CosmosDBTaxiApp\CosmosDBTaxiApp.csproj", "{2F44DA78-A6D0-4A7E-A5C8-80E24DFD1DB5}"
EndProject
Project("{FAE04EC0-301F-11D3-BF4B-00C04F79EFBC}") = "CosmosDBTaxiApp.TriggersAzure", "CosmosDBTaxiApp.TriggersAzure\CosmosDBTaxiApp.TriggersAzure.csproj", "{ED01A690-2209-44A0-89F7-C72F5E0C2059}"
EndProject
Global
	GlobalSection(SolutionConfigurationPlatforms) = preSolution
		Debug|Any CPU = Debug|Any CPU
		Release|Any CPU = Release|Any CPU
	EndGlobalSection
	GlobalSection(ProjectConfigurationPlatforms) = postSolution
		{2F44DA78-A6D0-4A7E-A5C8-80E24DFD1DB5}.Debug|Any CPU.ActiveCfg = Debug|Any CPU
		{2F44DA78-A6D0-4A7E-A5C8-80E24DFD1DB5}.Debug|Any CPU.Build.0 = Debug|Any CPU
		{2F44DA78-A6D0-4A7E-A5C8-80E24DFD1DB5}.Release|Any CPU.ActiveCfg = Release|Any CPU
		{2F44DA78-A6D0-4A7E-A5C8-80E24DFD1DB5}.Release|Any CPU.Build.0 = Release|Any CPU
		{ED01A690-2209-44A0-89F7-C72F5E0C2059}.Debug|Any CPU.ActiveCfg = Debug|Any CPU
		{ED01A690-2209-44A0-89F7-C72F5E0C2059}.Debug|Any CPU.Build.0 = Debug|Any CPU
		{ED01A690-2209-44A0-89F7-C72F5E0C2059}.Release|Any CPU.ActiveCfg = Release|Any CPU
		{ED01A690-2209-44A0-89F7-C72F5E0C2059}.Release|Any CPU.Build.0 = Release|Any CPU
	EndGlobalSection
	GlobalSection(SolutionProperties) = preSolution
		HideSolutionNode = FALSE
	EndGlobalSection
	GlobalSection(ExtensibilityGlobals) = postSolution
		SolutionGuid = {C24B4E3D-695D-4994-B016-D728F5C455B0}
	EndGlobalSection
EndGlobal
